
Microsoft Visual Studio Solution File, Format Version 12.00
# Visual Studio Version 16
VisualStudioVersion = 16.0.30907.101
MinimumVisualStudioVersion = 10.0.40219.1
Project("{9A19103F-16F7-4668-BE54-9A1E7A4F7556}") = "ChatApp", "ChatApp\ChatApp.csproj", "{6C227F1C-B893-41EB-A5DE-36F3C6DFB2E5}"
EndProject
Project("{FAE04EC0-301F-11D3-BF4B-00C04F79EFBC}") = "ChatApp.Infastructure", "ChatApp.Infastructure\ChatApp.Infastructure.csproj", "{59B3215A-DBE2-401C-8CE6-AF1660D79456}"
EndProject
Project("{FAE04EC0-301F-11D3-BF4B-00C04F79EFBC}") = "ChatApp.Core", "ChatApp.Core\ChatApp.Core.csproj", "{37D04412-40B0-4BFA-BCC5-A1AE7BC81FE3}"
EndProject
Project("{FAE04EC0-301F-11D3-BF4B-00C04F79EFBC}") = "ChatApp.Domain", "ChatApp.Domain\ChatApp.Domain.csproj", "{DEACCF43-5AAE-436C-B82F-C05B9716745C}"
EndProject
Project("{FAE04EC0-301F-11D3-BF4B-00C04F79EFBC}") = "ChatApp.Consumer", "ChatApp.Consumer\ChatApp.Consumer.csproj", "{F6B692FD-F058-4E20-93EB-0330CE70FE0E}"
EndProject
Global
	GlobalSection(SolutionConfigurationPlatforms) = preSolution
		Debug|Any CPU = Debug|Any CPU
		Release|Any CPU = Release|Any CPU
	EndGlobalSection
	GlobalSection(ProjectConfigurationPlatforms) = postSolution
		{6C227F1C-B893-41EB-A5DE-36F3C6DFB2E5}.Debug|Any CPU.ActiveCfg = Debug|Any CPU
		{6C227F1C-B893-41EB-A5DE-36F3C6DFB2E5}.Debug|Any CPU.Build.0 = Debug|Any CPU
		{6C227F1C-B893-41EB-A5DE-36F3C6DFB2E5}.Release|Any CPU.ActiveCfg = Release|Any CPU
		{6C227F1C-B893-41EB-A5DE-36F3C6DFB2E5}.Release|Any CPU.Build.0 = Release|Any CPU
		{59B3215A-DBE2-401C-8CE6-AF1660D79456}.Debug|Any CPU.ActiveCfg = Debug|Any CPU
		{59B3215A-DBE2-401C-8CE6-AF1660D79456}.Debug|Any CPU.Build.0 = Debug|Any CPU
		{59B3215A-DBE2-401C-8CE6-AF1660D79456}.Release|Any CPU.ActiveCfg = Release|Any CPU
		{59B3215A-DBE2-401C-8CE6-AF1660D79456}.Release|Any CPU.Build.0 = Release|Any CPU
		{37D04412-40B0-4BFA-BCC5-A1AE7BC81FE3}.Debug|Any CPU.ActiveCfg = Debug|Any CPU
		{37D04412-40B0-4BFA-BCC5-A1AE7BC81FE3}.Debug|Any CPU.Build.0 = Debug|Any CPU
		{37D04412-40B0-4BFA-BCC5-A1AE7BC81FE3}.Release|Any CPU.ActiveCfg = Release|Any CPU
		{37D04412-40B0-4BFA-BCC5-A1AE7BC81FE3}.Release|Any CPU.Build.0 = Release|Any CPU
		{DEACCF43-5AAE-436C-B82F-C05B9716745C}.Debug|Any CPU.ActiveCfg = Debug|Any CPU
		{DEACCF43-5AAE-436C-B82F-C05B9716745C}.Debug|Any CPU.Build.0 = Debug|Any CPU
		{DEACCF43-5AAE-436C-B82F-C05B9716745C}.Release|Any CPU.ActiveCfg = Release|Any CPU
		{DEACCF43-5AAE-436C-B82F-C05B9716745C}.Release|Any CPU.Build.0 = Release|Any CPU
		{F6B692FD-F058-4E20-93EB-0330CE70FE0E}.Debug|Any CPU.ActiveCfg = Debug|Any CPU
		{F6B692FD-F058-4E20-93EB-0330CE70FE0E}.Debug|Any CPU.Build.0 = Debug|Any CPU
		{F6B692FD-F058-4E20-93EB-0330CE70FE0E}.Release|Any CPU.ActiveCfg = Release|Any CPU
		{F6B692FD-F058-4E20-93EB-0330CE70FE0E}.Release|Any CPU.Build.0 = Release|Any CPU
	EndGlobalSection
	GlobalSection(SolutionProperties) = preSolution
		HideSolutionNode = FALSE
	EndGlobalSection
	GlobalSection(ExtensibilityGlobals) = postSolution
		SolutionGuid = {B28EEA00-E6D6-4960-AB2A-2A7F0B6AE37B}
	EndGlobalSection
EndGlobal
